
Microsoft Visual Studio Solution File, Format Version 12.00
# Visual Studio 14
VisualStudioVersion = 14.0.25420.1
MinimumVisualStudioVersion = 10.0.40219.1
Project("{FAE04EC0-301F-11D3-BF4B-00C04F79EFBC}") = "MegaLager", "MegaLager\MegaLager.csproj", "{C3C08731-D7D9-4C55-89CD-1702ECB86D84}"
EndProject
Project("{FAE04EC0-301F-11D3-BF4B-00C04F79EFBC}") = "WcfService", "WcfService\WcfService.csproj", "{14DDA816-92D0-4DD2-BB18-9A73C8E0DA86}"
EndProject
Project("{FAE04EC0-301F-11D3-BF4B-00C04F79EFBC}") = "Model", "Model\Model.csproj", "{FE8209BF-0748-4075-B5C0-E673F6B60861}"
EndProject
Project("{FAE04EC0-301F-11D3-BF4B-00C04F79EFBC}") = "Business", "Business\Business.csproj", "{27419EC0-0E2F-4F8D-B6C4-952F8A9E31AA}"
EndProject
Global
	GlobalSection(SolutionConfigurationPlatforms) = preSolution
		Debug|Any CPU = Debug|Any CPU
		Release|Any CPU = Release|Any CPU
	EndGlobalSection
	GlobalSection(ProjectConfigurationPlatforms) = postSolution
		{C3C08731-D7D9-4C55-89CD-1702ECB86D84}.Debug|Any CPU.ActiveCfg = Debug|Any CPU
		{C3C08731-D7D9-4C55-89CD-1702ECB86D84}.Debug|Any CPU.Build.0 = Debug|Any CPU
		{C3C08731-D7D9-4C55-89CD-1702ECB86D84}.Release|Any CPU.ActiveCfg = Release|Any CPU
		{C3C08731-D7D9-4C55-89CD-1702ECB86D84}.Release|Any CPU.Build.0 = Release|Any CPU
		{14DDA816-92D0-4DD2-BB18-9A73C8E0DA86}.Debug|Any CPU.ActiveCfg = Debug|Any CPU
		{14DDA816-92D0-4DD2-BB18-9A73C8E0DA86}.Debug|Any CPU.Build.0 = Debug|Any CPU
		{14DDA816-92D0-4DD2-BB18-9A73C8E0DA86}.Release|Any CPU.ActiveCfg = Release|Any CPU
		{14DDA816-92D0-4DD2-BB18-9A73C8E0DA86}.Release|Any CPU.Build.0 = Release|Any CPU
		{FE8209BF-0748-4075-B5C0-E673F6B60861}.Debug|Any CPU.ActiveCfg = Debug|Any CPU
		{FE8209BF-0748-4075-B5C0-E673F6B60861}.Debug|Any CPU.Build.0 = Debug|Any CPU
		{FE8209BF-0748-4075-B5C0-E673F6B60861}.Release|Any CPU.ActiveCfg = Release|Any CPU
		{FE8209BF-0748-4075-B5C0-E673F6B60861}.Release|Any CPU.Build.0 = Release|Any CPU
		{27419EC0-0E2F-4F8D-B6C4-952F8A9E31AA}.Debug|Any CPU.ActiveCfg = Debug|Any CPU
		{27419EC0-0E2F-4F8D-B6C4-952F8A9E31AA}.Debug|Any CPU.Build.0 = Debug|Any CPU
		{27419EC0-0E2F-4F8D-B6C4-952F8A9E31AA}.Release|Any CPU.ActiveCfg = Release|Any CPU
		{27419EC0-0E2F-4F8D-B6C4-952F8A9E31AA}.Release|Any CPU.Build.0 = Release|Any CPU
	EndGlobalSection
	GlobalSection(SolutionProperties) = preSolution
		HideSolutionNode = FALSE
	EndGlobalSection
	GlobalSection(ExtensibilityGlobals) = postSolution
		SolutionGuid = {4D811A52-FD72-4F7C-8CEE-E566E95589A4}
	EndGlobalSection
EndGlobal
